
Microsoft Visual Studio Solution File, Format Version 12.00
# Visual Studio Version 16
VisualStudioVersion = 16.0.30907.101
MinimumVisualStudioVersion = 10.0.40219.1
Project("{FAE04EC0-301F-11D3-BF4B-00C04F79EFBC}") = "helloworldApp", "helloworldApp\helloworldApp.csproj", "{B371877C-D00C-4019-9295-E12F972A208B}"
EndProject
Global
	GlobalSection(SolutionConfigurationPlatforms) = preSolution
		Debug|Any CPU = Debug|Any CPU
		Release|Any CPU = Release|Any CPU
	EndGlobalSection
	GlobalSection(ProjectConfigurationPlatforms) = postSolution
		{B371877C-D00C-4019-9295-E12F972A208B}.Debug|Any CPU.ActiveCfg = Debug|Any CPU
		{B371877C-D00C-4019-9295-E12F972A208B}.Debug|Any CPU.Build.0 = Debug|Any CPU
		{B371877C-D00C-4019-9295-E12F972A208B}.Release|Any CPU.ActiveCfg = Release|Any CPU
		{B371877C-D00C-4019-9295-E12F972A208B}.Release|Any CPU.Build.0 = Release|Any CPU
	EndGlobalSection
	GlobalSection(SolutionProperties) = preSolution
		HideSolutionNode = FALSE
	EndGlobalSection
	GlobalSection(ExtensibilityGlobals) = postSolution
		SolutionGuid = {CEF11A34-A461-4F38-9195-F7A6AD74E8C5}
	EndGlobalSection
EndGlobal
